
Microsoft Visual Studio Solution File, Format Version 10.00
# Visual Studio 2008
Project("{FAE04EC0-301F-11D3-BF4B-00C04F79EFBC}") = "SaudeFact", "SaudeFact.csproj", "{CBDC1DC4-4A93-4EE2-BCD6-F22EB4BE3FEB}"
EndProject
Global
	GlobalSection(SolutionConfigurationPlatforms) = preSolution
		Debug|Any CPU = Debug|Any CPU
		Release|Any CPU = Release|Any CPU
	EndGlobalSection
	GlobalSection(ProjectConfigurationPlatforms) = postSolution
		{CBDC1DC4-4A93-4EE2-BCD6-F22EB4BE3FEB}.Debug|Any CPU.ActiveCfg = Debug|Any CPU
		{CBDC1DC4-4A93-4EE2-BCD6-F22EB4BE3FEB}.Debug|Any CPU.Build.0 = Debug|Any CPU
		{CBDC1DC4-4A93-4EE2-BCD6-F22EB4BE3FEB}.Release|Any CPU.ActiveCfg = Release|Any CPU
		{CBDC1DC4-4A93-4EE2-BCD6-F22EB4BE3FEB}.Release|Any CPU.Build.0 = Release|Any CPU
	EndGlobalSection
	GlobalSection(SolutionProperties) = preSolution
		HideSolutionNode = FALSE
	EndGlobalSection
EndGlobal
